
Microsoft Visual Studio Solution File, Format Version 12.00
# Visual Studio Version 17
VisualStudioVersion = 17.7.34031.279
MinimumVisualStudioVersion = 10.0.40219.1
Project("{8BC9CEB8-8B4A-11D0-8D11-00A0C91BC942}") = "AOCDay3", "AOCDay3\AOCDay3.vcxproj", "{90E8D7A0-6053-4892-8CF3-54175C049C50}"
EndProject
Global
	GlobalSection(SolutionConfigurationPlatforms) = preSolution
		Debug|x64 = Debug|x64
		Debug|x86 = Debug|x86
		Release|x64 = Release|x64
		Release|x86 = Release|x86
	EndGlobalSection
	GlobalSection(ProjectConfigurationPlatforms) = postSolution
		{90E8D7A0-6053-4892-8CF3-54175C049C50}.Debug|x64.ActiveCfg = Debug|x64
		{90E8D7A0-6053-4892-8CF3-54175C049C50}.Debug|x64.Build.0 = Debug|x64
		{90E8D7A0-6053-4892-8CF3-54175C049C50}.Debug|x86.ActiveCfg = Debug|Win32
		{90E8D7A0-6053-4892-8CF3-54175C049C50}.Debug|x86.Build.0 = Debug|Win32
		{90E8D7A0-6053-4892-8CF3-54175C049C50}.Release|x64.ActiveCfg = Release|x64
		{90E8D7A0-6053-4892-8CF3-54175C049C50}.Release|x64.Build.0 = Release|x64
		{90E8D7A0-6053-4892-8CF3-54175C049C50}.Release|x86.ActiveCfg = Release|Win32
		{90E8D7A0-6053-4892-8CF3-54175C049C50}.Release|x86.Build.0 = Release|Win32
	EndGlobalSection
	GlobalSection(SolutionProperties) = preSolution
		HideSolutionNode = FALSE
	EndGlobalSection
	GlobalSection(ExtensibilityGlobals) = postSolution
		SolutionGuid = {B33F7735-2642-452D-9386-6836989EDE4B}
	EndGlobalSection
EndGlobal
