
Microsoft Visual Studio Solution File, Format Version 12.00
# Visual Studio Version 17
VisualStudioVersion = 17.9.34622.214
MinimumVisualStudioVersion = 10.0.40219.1
Project("{8BC9CEB8-8B4A-11D0-8D11-00A0C91BC942}") = "AOCDay3", "AOCDay3\AOCDay3.vcxproj", "{C2552BB1-0518-4E4D-AC46-4D9D4A7F5513}"
EndProject
Global
	GlobalSection(SolutionConfigurationPlatforms) = preSolution
		Debug|x64 = Debug|x64
		Debug|x86 = Debug|x86
		Release|x64 = Release|x64
		Release|x86 = Release|x86
	EndGlobalSection
	GlobalSection(ProjectConfigurationPlatforms) = postSolution
		{C2552BB1-0518-4E4D-AC46-4D9D4A7F5513}.Debug|x64.ActiveCfg = Debug|x64
		{C2552BB1-0518-4E4D-AC46-4D9D4A7F5513}.Debug|x64.Build.0 = Debug|x64
		{C2552BB1-0518-4E4D-AC46-4D9D4A7F5513}.Debug|x86.ActiveCfg = Debug|Win32
		{C2552BB1-0518-4E4D-AC46-4D9D4A7F5513}.Debug|x86.Build.0 = Debug|Win32
		{C2552BB1-0518-4E4D-AC46-4D9D4A7F5513}.Release|x64.ActiveCfg = Release|x64
		{C2552BB1-0518-4E4D-AC46-4D9D4A7F5513}.Release|x64.Build.0 = Release|x64
		{C2552BB1-0518-4E4D-AC46-4D9D4A7F5513}.Release|x86.ActiveCfg = Release|Win32
		{C2552BB1-0518-4E4D-AC46-4D9D4A7F5513}.Release|x86.Build.0 = Release|Win32
	EndGlobalSection
	GlobalSection(SolutionProperties) = preSolution
		HideSolutionNode = FALSE
	EndGlobalSection
	GlobalSection(ExtensibilityGlobals) = postSolution
		SolutionGuid = {2EE4284B-E11C-4EB9-939E-8516634D5E0F}
	EndGlobalSection
EndGlobal
